{
  "name": "fzi",
  "version": "1.2.0",
  "lockfileVersion": 2,
  "requires": true,
  "packages": {
    "": {
      "name": "fzi",
      "version": "1.2.0",
      "dependencies": {
        "quick-score": "^0.2.0"
      },
      "devDependencies": {
        "baretest": "^2.0.0",
        "lodash": "^4.17.21"
      }
    },
    "node_modules/barecolor": {
      "version": "1.0.1",
      "resolved": "https://registry.npmjs.org/barecolor/-/barecolor-1.0.1.tgz",
      "integrity": "sha512-ncJ680U+r1CGBt73L3O6V9GIAPy3hbDmWODEQajwEnDmmzeStvc4UYhapUSxUpS76+MHxyRihzZfwhyl122Zdw==",
      "dev": true
    },
    "node_modules/baretest": {
      "version": "2.0.0",
      "resolved": "https://registry.npmjs.org/baretest/-/baretest-2.0.0.tgz",
      "integrity": "sha512-hRmYnBojeijT3jH0GtqLoHus+adPoeYh2NmcNT3wBPH903AUphcFqs1gJ64fBovDXql51Df24g9D9jcXRZd4vA==",
      "dev": true,
      "dependencies": {
        "barecolor": "1.0.1"
      }
    },
    "node_modules/lodash": {
      "version": "4.17.21",
      "resolved": "https://registry.npmjs.org/lodash/-/lodash-4.17.21.tgz",
      "integrity": "sha512-v2kDEe57lecTulaDIuNTPy3Ry4gLGJ6Z1O3vE1krgXZNrsQ+LFTGHVxVjcXPs17LhbZVGedAJv8XZ1tvj5FvSg==",
      "dev": true
    },
    "node_modules/quick-score": {
      "version": "0.2.0",
      "resolved": "https://registry.npmjs.org/quick-score/-/quick-score-0.2.0.tgz",
      "integrity": "sha512-y9PW9rl7BhjTykkGYi4wh0FsXWrWFv3IJVxtAI9FMargSOhqzRN3OjO2itpw63PoSu1FY07i8B2aCwpolQucOQ=="
    }
  },
  "dependencies": {
    "barecolor": {
      "version": "1.0.1",
      "resolved": "https://registry.npmjs.org/barecolor/-/barecolor-1.0.1.tgz",
      "integrity": "sha512-ncJ680U+r1CGBt73L3O6V9GIAPy3hbDmWODEQajwEnDmmzeStvc4UYhapUSxUpS76+MHxyRihzZfwhyl122Zdw==",
      "dev": true
    },
    "baretest": {
      "version": "2.0.0",
      "resolved": "https://registry.npmjs.org/baretest/-/baretest-2.0.0.tgz",
      "integrity": "sha512-hRmYnBojeijT3jH0GtqLoHus+adPoeYh2NmcNT3wBPH903AUphcFqs1gJ64fBovDXql51Df24g9D9jcXRZd4vA==",
      "dev": true,
      "requires": {
        "barecolor": "1.0.1"
      }
    },
    "lodash": {
      "version": "4.17.21",
      "resolved": "https://registry.npmjs.org/lodash/-/lodash-4.17.21.tgz",
      "integrity": "sha512-v2kDEe57lecTulaDIuNTPy3Ry4gLGJ6Z1O3vE1krgXZNrsQ+LFTGHVxVjcXPs17LhbZVGedAJv8XZ1tvj5FvSg==",
      "dev": true
    },
    "quick-score": {
      "version": "0.2.0",
      "resolved": "https://registry.npmjs.org/quick-score/-/quick-score-0.2.0.tgz",
      "integrity": "sha512-y9PW9rl7BhjTykkGYi4wh0FsXWrWFv3IJVxtAI9FMargSOhqzRN3OjO2itpw63PoSu1FY07i8B2aCwpolQucOQ=="
    }
  }
}
